
Microsoft Visual Studio Solution File, Format Version 12.00
# Visual Studio Version 16
VisualStudioVersion = 16.0.31729.503
MinimumVisualStudioVersion = 10.0.40219.1
Project("{FAE04EC0-301F-11D3-BF4B-00C04F79EFBC}") = "TimedFileWriter", "TimedFileWriter.csproj", "{F91AE375-E09C-427A-9554-29835DED6BAC}"
EndProject
Global
	GlobalSection(SolutionConfigurationPlatforms) = preSolution
		Debug|Any CPU = Debug|Any CPU
		Release|Any CPU = Release|Any CPU
	EndGlobalSection
	GlobalSection(ProjectConfigurationPlatforms) = postSolution
		{F91AE375-E09C-427A-9554-29835DED6BAC}.Debug|Any CPU.ActiveCfg = Debug|Any CPU
		{F91AE375-E09C-427A-9554-29835DED6BAC}.Debug|Any CPU.Build.0 = Debug|Any CPU
		{F91AE375-E09C-427A-9554-29835DED6BAC}.Release|Any CPU.ActiveCfg = Release|Any CPU
		{F91AE375-E09C-427A-9554-29835DED6BAC}.Release|Any CPU.Build.0 = Release|Any CPU
	EndGlobalSection
	GlobalSection(SolutionProperties) = preSolution
		HideSolutionNode = FALSE
	EndGlobalSection
	GlobalSection(ExtensibilityGlobals) = postSolution
		SolutionGuid = {F1AA4722-E97A-46F5-B550-AF83BF692945}
	EndGlobalSection
EndGlobal
